// !$*UTF8*$!
{
	archiveVersion = 1;
	classes = {
	};
	objectVersion = 45;
	objects = {

/* Begin PBXBuildFile section */
		2F7446990DB6B7EA00F9684A /* MainMenu.xib in Resources */ = {isa = PBXBuildFile; fileRef = 2F7446970DB6B7EA00F9684A /* MainMenu.xib */; };
		4E3C25FB131B0EE7002A1BD3 /* Quartz.framework in Frameworks */ = {isa = PBXBuildFile; fileRef = 4E3C25FA131B0EE7002A1BD3 /* Quartz.framework */; };
		4E3C2601131B0F6B002A1BD3 /* MyMainWindow.m in Sources */ = {isa = PBXBuildFile; fileRef = 4E3C2600131B0F6B002A1BD3 /* MyMainWindow.m */; };
		4E3C260B131B159A002A1BD3 /* MyMainWindow.xib in Resources */ = {isa = PBXBuildFile; fileRef = 4E3C260A131B159A002A1BD3 /* MyMainWindow.xib */; };
		4E3C2618131B1748002A1BD3 /* MyBrowserView.m in Sources */ = {isa = PBXBuildFile; fileRef = 4E3C2617131B1748002A1BD3 /* MyBrowserView.m */; };
		4E3C261C131B4DC9002A1BD3 /* MyBrowserView.xib in Resources */ = {isa = PBXBuildFile; fileRef = 4E3C261B131B4DC9002A1BD3 /* MyBrowserView.xib */; };
		4E3C261F131B4F17002A1BD3 /* MyEditorView.m in Sources */ = {isa = PBXBuildFile; fileRef = 4E3C261E131B4F17002A1BD3 /* MyEditorView.m */; };
		4E3C2621131B5070002A1BD3 /* MyEditorView.xib in Resources */ = {isa = PBXBuildFile; fileRef = 4E3C2620131B5070002A1BD3 /* MyEditorView.xib */; };
		4E3C2624131B50B4002A1BD3 /* MyListView.m in Sources */ = {isa = PBXBuildFile; fileRef = 4E3C2623131B50B4002A1BD3 /* MyListView.m */; };
		4E3C2626131B5285002A1BD3 /* MyListView.xib in Resources */ = {isa = PBXBuildFile; fileRef = 4E3C2625131B5285002A1BD3 /* MyListView.xib */; };
		770B37ED0679A11B001EADE2 /* Gallery_DataModel.xcdatamodel in Sources */ = {isa = PBXBuildFile; fileRef = 770B37EC0679A11B001EADE2 /* Gallery_DataModel.xcdatamodel */; };
		77C8280E06725ACE000B614F /* Gallery_AppDelegate.m in Sources */ = {isa = PBXBuildFile; fileRef = 77C8280C06725ACE000B614F /* Gallery_AppDelegate.m */; };
		8D11072B0486CEB800E47090 /* InfoPlist.strings in Resources */ = {isa = PBXBuildFile; fileRef = 089C165CFE840E0CC02AAC07 /* InfoPlist.strings */; };
		8D11072D0486CEB800E47090 /* main.m in Sources */ = {isa = PBXBuildFile; fileRef = 29B97316FDCFA39411CA2CEA /* main.m */; settings = {ATTRIBUTES = (); }; };
		8D11072F0486CEB800E47090 /* Cocoa.framework in Frameworks */ = {isa = PBXBuildFile; fileRef = 1058C7A1FEA54F0111CA2CBB /* Cocoa.framework */; };
/* End PBXBuildFile section */

/* Begin PBXFileReference section */
		089C165DFE840E0CC02AAC07 /* English */ = {isa = PBXFileReference; fileEncoding = 10; lastKnownFileType = text.plist.strings; name = English; path = English.lproj/InfoPlist.strings; sourceTree = "<group>"; };
		1058C7A1FEA54F0111CA2CBB /* Cocoa.framework */ = {isa = PBXFileReference; lastKnownFileType = wrapper.framework; name = Cocoa.framework; path = /System/Library/Frameworks/Cocoa.framework; sourceTree = "<absolute>"; };
		29B97316FDCFA39411CA2CEA /* main.m */ = {isa = PBXFileReference; fileEncoding = 4; lastKnownFileType = sourcecode.c.objc; path = main.m; sourceTree = "<group>"; };
		29B97324FDCFA39411CA2CEA /* AppKit.framework */ = {isa = PBXFileReference; lastKnownFileType = wrapper.framework; name = AppKit.framework; path = /System/Library/Frameworks/AppKit.framework; sourceTree = "<absolute>"; };
		29B97325FDCFA39411CA2CEA /* Foundation.framework */ = {isa = PBXFileReference; lastKnownFileType = wrapper.framework; name = Foundation.framework; path = /System/Library/Frameworks/Foundation.framework; sourceTree = "<absolute>"; };
		2F7446980DB6B7EA00F9684A /* English */ = {isa = PBXFileReference; lastKnownFileType = file.xib; name = English; path = English.lproj/MainMenu.xib; sourceTree = "<group>"; };
		32CA4F630368D1EE00C91783 /* Gallery_Prefix.pch */ = {isa = PBXFileReference; fileEncoding = 4; lastKnownFileType = sourcecode.c.h; path = Gallery_Prefix.pch; sourceTree = "<group>"; };
		4E3C25FA131B0EE7002A1BD3 /* Quartz.framework */ = {isa = PBXFileReference; lastKnownFileType = wrapper.framework; name = Quartz.framework; path = System/Library/Frameworks/Quartz.framework; sourceTree = SDKROOT; };
		4E3C25FF131B0F6B002A1BD3 /* MyMainWindow.h */ = {isa = PBXFileReference; fileEncoding = 4; lastKnownFileType = sourcecode.c.h; path = MyMainWindow.h; sourceTree = "<group>"; };
		4E3C2600131B0F6B002A1BD3 /* MyMainWindow.m */ = {isa = PBXFileReference; fileEncoding = 4; lastKnownFileType = sourcecode.c.objc; path = MyMainWindow.m; sourceTree = "<group>"; };
		4E3C260A131B159A002A1BD3 /* MyMainWindow.xib */ = {isa = PBXFileReference; lastKnownFileType = file.xib; path = MyMainWindow.xib; sourceTree = "<group>"; };
		4E3C2616131B1748002A1BD3 /* MyBrowserView.h */ = {isa = PBXFileReference; fileEncoding = 4; lastKnownFileType = sourcecode.c.h; path = MyBrowserView.h; sourceTree = "<group>"; };
		4E3C2617131B1748002A1BD3 /* MyBrowserView.m */ = {isa = PBXFileReference; fileEncoding = 4; lastKnownFileType = sourcecode.c.objc; path = MyBrowserView.m; sourceTree = "<group>"; };
		4E3C261B131B4DC9002A1BD3 /* MyBrowserView.xib */ = {isa = PBXFileReference; lastKnownFileType = file.xib; path = MyBrowserView.xib; sourceTree = "<group>"; };
		4E3C261D131B4F17002A1BD3 /* MyEditorView.h */ = {isa = PBXFileReference; fileEncoding = 4; lastKnownFileType = sourcecode.c.h; path = MyEditorView.h; sourceTree = "<group>"; };
		4E3C261E131B4F17002A1BD3 /* MyEditorView.m */ = {isa = PBXFileReference; fileEncoding = 4; lastKnownFileType = sourcecode.c.objc; path = MyEditorView.m; sourceTree = "<group>"; };
		4E3C2620131B5070002A1BD3 /* MyEditorView.xib */ = {isa = PBXFileReference; lastKnownFileType = file.xib; path = MyEditorView.xib; sourceTree = "<group>"; };
		4E3C2622131B50B4002A1BD3 /* MyListView.h */ = {isa = PBXFileReference; fileEncoding = 4; lastKnownFileType = sourcecode.c.h; path = MyListView.h; sourceTree = "<group>"; };
		4E3C2623131B50B4002A1BD3 /* MyListView.m */ = {isa = PBXFileReference; fileEncoding = 4; lastKnownFileType = sourcecode.c.objc; path = MyListView.m; sourceTree = "<group>"; };
		4E3C2625131B5285002A1BD3 /* MyListView.xib */ = {isa = PBXFileReference; lastKnownFileType = file.xib; path = MyListView.xib; sourceTree = "<group>"; };
		770B37EC0679A11B001EADE2 /* Gallery_DataModel.xcdatamodel */ = {isa = PBXFileReference; fileEncoding = 4; lastKnownFileType = wrapper.xcdatamodel; path = Gallery_DataModel.xcdatamodel; sourceTree = "<group>"; };
		77C82804067257F0000B614F /* CoreData.framework */ = {isa = PBXFileReference; lastKnownFileType = wrapper.framework; name = CoreData.framework; path = /System/Library/Frameworks/CoreData.framework; sourceTree = "<absolute>"; };
		77C8280B06725ACE000B614F /* Gallery_AppDelegate.h */ = {isa = PBXFileReference; fileEncoding = 4; lastKnownFileType = sourcecode.c.h; path = Gallery_AppDelegate.h; sourceTree = "<group>"; };
		77C8280C06725ACE000B614F /* Gallery_AppDelegate.m */ = {isa = PBXFileReference; fileEncoding = 4; lastKnownFileType = sourcecode.c.objc; path = Gallery_AppDelegate.m; sourceTree = "<group>"; };
		8D1107310486CEB800E47090 /* Gallery-Info.plist */ = {isa = PBXFileReference; explicitFileType = text.plist.xml; fileEncoding = 4; path = "Gallery-Info.plist"; sourceTree = "<group>"; };
		8D1107320486CEB800E47090 /* Gallery.app */ = {isa = PBXFileReference; explicitFileType = wrapper.application; includeInIndex = 0; path = Gallery.app; sourceTree = BUILT_PRODUCTS_DIR; };
/* End PBXFileReference section */

/* Begin PBXFrameworksBuildPhase section */
		8D11072E0486CEB800E47090 /* Frameworks */ = {
			isa = PBXFrameworksBuildPhase;
			buildActionMask = 2147483647;
			files = (
				8D11072F0486CEB800E47090 /* Cocoa.framework in Frameworks */,
				4E3C25FB131B0EE7002A1BD3 /* Quartz.framework in Frameworks */,
			);
			runOnlyForDeploymentPostprocessing = 0;
		};
/* End PBXFrameworksBuildPhase section */

/* Begin PBXGroup section */
		080E96DDFE201D6D7F000001 /* Classes */ = {
			isa = PBXGroup;
			children = (
				4E3C2615131B172E002A1BD3 /* ViewControllers */,
				77C8280B06725ACE000B614F /* Gallery_AppDelegate.h */,
				77C8280C06725ACE000B614F /* Gallery_AppDelegate.m */,
				4E3C25FF131B0F6B002A1BD3 /* MyMainWindow.h */,
				4E3C2600131B0F6B002A1BD3 /* MyMainWindow.m */,
			);
			name = Classes;
			sourceTree = "<group>";
		};
		1058C7A0FEA54F0111CA2CBB /* Linked Frameworks */ = {
			isa = PBXGroup;
			children = (
				1058C7A1FEA54F0111CA2CBB /* Cocoa.framework */,
			);
			name = "Linked Frameworks";
			sourceTree = "<group>";
		};
		1058C7A2FEA54F0111CA2CBB /* Other Frameworks */ = {
			isa = PBXGroup;
			children = (
				77C82804067257F0000B614F /* CoreData.framework */,
				29B97325FDCFA39411CA2CEA /* Foundation.framework */,
				29B97324FDCFA39411CA2CEA /* AppKit.framework */,
			);
			name = "Other Frameworks";
			sourceTree = "<group>";
		};
		19C28FACFE9D520D11CA2CBB /* Products */ = {
			isa = PBXGroup;
			children = (
				8D1107320486CEB800E47090 /* Gallery.app */,
			);
			name = Products;
			sourceTree = "<group>";
		};
		29B97314FDCFA39411CA2CEA /* Gallery */ = {
			isa = PBXGroup;
			children = (
				7756732906782D8800D1FEB8 /* Models */,
				080E96DDFE201D6D7F000001 /* Classes */,
				29B97315FDCFA39411CA2CEA /* Other Sources */,
				29B97317FDCFA39411CA2CEA /* Resources */,
				29B97323FDCFA39411CA2CEA /* Frameworks */,
				19C28FACFE9D520D11CA2CBB /* Products */,
			);
			name = Gallery;
			sourceTree = "<group>";
		};
		29B97315FDCFA39411CA2CEA /* Other Sources */ = {
			isa = PBXGroup;
			children = (
				32CA4F630368D1EE00C91783 /* Gallery_Prefix.pch */,
				29B97316FDCFA39411CA2CEA /* main.m */,
			);
			name = "Other Sources";
			sourceTree = "<group>";
		};
		29B97317FDCFA39411CA2CEA /* Resources */ = {
			isa = PBXGroup;
			children = (
				8D1107310486CEB800E47090 /* Gallery-Info.plist */,
				089C165CFE840E0CC02AAC07 /* InfoPlist.strings */,
				2F7446970DB6B7EA00F9684A /* MainMenu.xib */,
				4E3C260A131B159A002A1BD3 /* MyMainWindow.xib */,
				4E3C261B131B4DC9002A1BD3 /* MyBrowserView.xib */,
				4E3C2620131B5070002A1BD3 /* MyEditorView.xib */,
				4E3C2625131B5285002A1BD3 /* MyListView.xib */,
			);
			name = Resources;
			sourceTree = "<group>";
		};
		29B97323FDCFA39411CA2CEA /* Frameworks */ = {
			isa = PBXGroup;
			children = (
				1058C7A0FEA54F0111CA2CBB /* Linked Frameworks */,
				1058C7A2FEA54F0111CA2CBB /* Other Frameworks */,
				4E3C25FA131B0EE7002A1BD3 /* Quartz.framework */,
			);
			name = Frameworks;
			sourceTree = "<group>";
		};
		4E3C2615131B172E002A1BD3 /* ViewControllers */ = {
			isa = PBXGroup;
			children = (
				4E3C2616131B1748002A1BD3 /* MyBrowserView.h */,
				4E3C2617131B1748002A1BD3 /* MyBrowserView.m */,
				4E3C261D131B4F17002A1BD3 /* MyEditorView.h */,
				4E3C261E131B4F17002A1BD3 /* MyEditorView.m */,
				4E3C2622131B50B4002A1BD3 /* MyListView.h */,
				4E3C2623131B50B4002A1BD3 /* MyListView.m */,
			);
			name = ViewControllers;
			sourceTree = "<group>";
		};
		7756732906782D8800D1FEB8 /* Models */ = {
			isa = PBXGroup;
			children = (
				770B37EC0679A11B001EADE2 /* Gallery_DataModel.xcdatamodel */,
			);
			name = Models;
			sourceTree = "<group>";
		};
/* End PBXGroup section */

/* Begin PBXNativeTarget section */
		8D1107260486CEB800E47090 /* Gallery */ = {
			isa = PBXNativeTarget;
			buildConfigurationList = 26FC0A840875C7B200E6366F /* Build configuration list for PBXNativeTarget "Gallery" */;
			buildPhases = (
				8D1107290486CEB800E47090 /* Resources */,
				8D11072C0486CEB800E47090 /* Sources */,
				8D11072E0486CEB800E47090 /* Frameworks */,
			);
			buildRules = (
			);
			dependencies = (
			);
			name = Gallery;
			productInstallPath = "$(HOME)/Applications";
			productName = Gallery;
			productReference = 8D1107320486CEB800E47090 /* Gallery.app */;
			productType = "com.apple.product-type.application";
		};
/* End PBXNativeTarget section */

/* Begin PBXProject section */
		29B97313FDCFA39411CA2CEA /* Project object */ = {
			isa = PBXProject;
			buildConfigurationList = 26FC0A880875C7B200E6366F /* Build configuration list for PBXProject "Gallery" */;
			compatibilityVersion = "Xcode 3.1";
			developmentRegion = English;
			hasScannedForEncodings = 1;
			knownRegions = (
				English,
				Japanese,
				French,
				German,
			);
			mainGroup = 29B97314FDCFA39411CA2CEA /* Gallery */;
			projectDirPath = "";
			projectRoot = "";
			targets = (
				8D1107260486CEB800E47090 /* Gallery */,
			);
		};
/* End PBXProject section */

/* Begin PBXResourcesBuildPhase section */
		8D1107290486CEB800E47090 /* Resources */ = {
			isa = PBXResourcesBuildPhase;
			buildActionMask = 2147483647;
			files = (
				8D11072B0486CEB800E47090 /* InfoPlist.strings in Resources */,
				2F7446990DB6B7EA00F9684A /* MainMenu.xib in Resources */,
				4E3C260B131B159A002A1BD3 /* MyMainWindow.xib in Resources */,
				4E3C261C131B4DC9002A1BD3 /* MyBrowserView.xib in Resources */,
				4E3C2621131B5070002A1BD3 /* MyEditorView.xib in Resources */,
				4E3C2626131B5285002A1BD3 /* MyListView.xib in Resources */,
			);
			runOnlyForDeploymentPostprocessing = 0;
		};
/* End PBXResourcesBuildPhase section */

/* Begin PBXSourcesBuildPhase section */
		8D11072C0486CEB800E47090 /* Sources */ = {
			isa = PBXSourcesBuildPhase;
			buildActionMask = 2147483647;
			files = (
				8D11072D0486CEB800E47090 /* main.m in Sources */,
				77C8280E06725ACE000B614F /* Gallery_AppDelegate.m in Sources */,
				770B37ED0679A11B001EADE2 /* Gallery_DataModel.xcdatamodel in Sources */,
				4E3C2601131B0F6B002A1BD3 /* MyMainWindow.m in Sources */,
				4E3C2618131B1748002A1BD3 /* MyBrowserView.m in Sources */,
				4E3C261F131B4F17002A1BD3 /* MyEditorView.m in Sources */,
				4E3C2624131B50B4002A1BD3 /* MyListView.m in Sources */,
			);
			runOnlyForDeploymentPostprocessing = 0;
		};
/* End PBXSourcesBuildPhase section */

/* Begin PBXVariantGroup section */
		089C165CFE840E0CC02AAC07 /* InfoPlist.strings */ = {
			isa = PBXVariantGroup;
			children = (
				089C165DFE840E0CC02AAC07 /* English */,
			);
			name = InfoPlist.strings;
			sourceTree = "<group>";
		};
		2F7446970DB6B7EA00F9684A /* MainMenu.xib */ = {
			isa = PBXVariantGroup;
			children = (
				2F7446980DB6B7EA00F9684A /* English */,
			);
			name = MainMenu.xib;
			sourceTree = "<group>";
		};
/* End PBXVariantGroup section */

/* Begin XCBuildConfiguration section */
		26FC0A850875C7B200E6366F /* Debug */ = {
			isa = XCBuildConfiguration;
			buildSettings = {
				ARCHS = "$(ARCHS_STANDARD_32_64_BIT)";
				COPY_PHASE_STRIP = NO;
				GCC_DYNAMIC_NO_PIC = NO;
				GCC_ENABLE_FIX_AND_CONTINUE = YES;
				GCC_ENABLE_OBJC_EXCEPTIONS = YES;
				GCC_MODEL_TUNING = G5;
				GCC_OPTIMIZATION_LEVEL = 0;
				GCC_PRECOMPILE_PREFIX_HEADER = YES;
				GCC_PREFIX_HEADER = Gallery_Prefix.pch;
				INFOPLIST_FILE = "Gallery-Info.plist";
				INSTALL_PATH = "$(HOME)/Applications";
				PRODUCT_NAME = Gallery;
				WRAPPER_EXTENSION = app;
			};
			name = Debug;
		};
		26FC0A860875C7B200E6366F /* Release */ = {
			isa = XCBuildConfiguration;
			buildSettings = {
				DEBUG_INFORMATION_FORMAT = "dwarf-with-dsym";
				GCC_ENABLE_OBJC_EXCEPTIONS = YES;
				GCC_MODEL_TUNING = G5;
				GCC_PRECOMPILE_PREFIX_HEADER = YES;
				GCC_PREFIX_HEADER = Gallery_Prefix.pch;
				INFOPLIST_FILE = "Gallery-Info.plist";
				INSTALL_PATH = "$(HOME)/Applications";
				PRODUCT_NAME = Gallery;
				WRAPPER_EXTENSION = app;
			};
			name = Release;
		};
		26FC0A890875C7B200E6366F /* Debug */ = {
			isa = XCBuildConfiguration;
			buildSettings = {
				ARCHS = "$(ARCHS_STANDARD_32_64_BIT)";
				GCC_C_LANGUAGE_STANDARD = gnu99;
				GCC_WARN_ABOUT_RETURN_TYPE = YES;
				GCC_WARN_UNUSED_VARIABLE = YES;
				ONLY_ACTIVE_ARCH = YES;
				PREBINDING = NO;
				SDKROOT = macosx10.6;
			};
			name = Debug;
		};
		26FC0A8A0875C7B200E6366F /* Release */ = {
			isa = XCBuildConfiguration;
			buildSettings = {
				ARCHS = "$(ARCHS_STANDARD_32_64_BIT)";
				GCC_C_LANGUAGE_STANDARD = gnu99;
				GCC_WARN_ABOUT_RETURN_TYPE = YES;
				GCC_WARN_UNUSED_VARIABLE = YES;
				PREBINDING = NO;
				SDKROOT = macosx10.6;
			};
			name = Release;
		};
/* End XCBuildConfiguration section */

/* Begin XCConfigurationList section */
		26FC0A840875C7B200E6366F /* Build configuration list for PBXNativeTarget "Gallery" */ = {
			isa = XCConfigurationList;
			buildConfigurations = (
				26FC0A850875C7B200E6366F /* Debug */,
				26FC0A860875C7B200E6366F /* Release */,
			);
			defaultConfigurationIsVisible = 0;
			defaultConfigurationName = Release;
		};
		26FC0A880875C7B200E6366F /* Build configuration list for PBXProject "Gallery" */ = {
			isa = XCConfigurationList;
			buildConfigurations = (
				26FC0A890875C7B200E6366F /* Debug */,
				26FC0A8A0875C7B200E6366F /* Release */,
			);
			defaultConfigurationIsVisible = 0;
			defaultConfigurationName = Release;
		};
/* End XCConfigurationList section */
	};
	rootObject = 29B97313FDCFA39411CA2CEA /* Project object */;
}
